
Microsoft Visual Studio Solution File, Format Version 12.00
# Visual Studio 15
VisualStudioVersion = 15.0.28307.106
MinimumVisualStudioVersion = 10.0.40219.1
Project("{2150E333-8FDC-42A3-9474-1A3956D46DE8}") = "RabbitMQ", "RabbitMQ", "{397131F4-304E-484A-B048-FE8602160029}"
EndProject
Project("{9A19103F-16F7-4668-BE54-9A1E7A4F7556}") = "RabbitMQ.Alpha", "RabbitMQ\RabbitMQ.Alpha\RabbitMQ.Alpha.csproj", "{0ABFDE49-6E67-45F4-ACA8-1084CB935963}"
EndProject
Project("{9A19103F-16F7-4668-BE54-9A1E7A4F7556}") = "RabbitMQ.Beta", "RabbitMQ\RabbitMQ.Beta\RabbitMQ.Beta.csproj", "{7C94671A-3D82-4BDA-BF3B-C881B18984B1}"
EndProject
Project("{2150E333-8FDC-42A3-9474-1A3956D46DE8}") = "Redis", "Redis", "{C9630BB6-99DA-4A31-BCF5-2FDDCD39C824}"
EndProject
Project("{9A19103F-16F7-4668-BE54-9A1E7A4F7556}") = "Redis.Alpha", "Redis\Redis.Alpha\Redis.Alpha.csproj", "{D9329074-D6A5-47B6-85BE-397E6D31E12F}"
EndProject
Project("{2150E333-8FDC-42A3-9474-1A3956D46DE8}") = "KendoUI", "KendoUI", "{29D1BF0F-BF57-43AD-8499-B54E91B53C7A}"
EndProject
Project("{9A19103F-16F7-4668-BE54-9A1E7A4F7556}") = "ASPNetCoreWithKendoUI", "KendoUI\ASPNetCoreWithKendoUI\ASPNetCoreWithKendoUI.csproj", "{8D9DA171-DC62-4E5B-AE0F-261A956E82D6}"
EndProject
Project("{E24C65DC-7377-472B-9ABA-BC803B73C61A}") = "RabbitMQ.HTML", "RabbitMQ\RabbitMQ.HTML\", "{AA4D5C16-4F03-43B6-BD8B-492B8EC219EF}"
	ProjectSection(WebsiteProperties) = preProject
		TargetFrameworkMoniker = ".NETFramework,Version%3Dv4.0"
		Debug.AspNetCompiler.VirtualPath = "/localhost_8437"
		Debug.AspNetCompiler.PhysicalPath = "RabbitMQ\RabbitMQ.HTML\"
		Debug.AspNetCompiler.TargetPath = "PrecompiledWeb\localhost_8437\"
		Debug.AspNetCompiler.Updateable = "true"
		Debug.AspNetCompiler.ForceOverwrite = "true"
		Debug.AspNetCompiler.FixedNames = "false"
		Debug.AspNetCompiler.Debug = "True"
		Release.AspNetCompiler.VirtualPath = "/localhost_8437"
		Release.AspNetCompiler.PhysicalPath = "RabbitMQ\RabbitMQ.HTML\"
		Release.AspNetCompiler.TargetPath = "PrecompiledWeb\localhost_8437\"
		Release.AspNetCompiler.Updateable = "true"
		Release.AspNetCompiler.ForceOverwrite = "true"
		Release.AspNetCompiler.FixedNames = "false"
		Release.AspNetCompiler.Debug = "False"
		VWDPort = "8437"
		SlnRelativePath = "RabbitMQ\RabbitMQ.HTML\"
	EndProjectSection
EndProject
Project("{2150E333-8FDC-42A3-9474-1A3956D46DE8}") = "CAP", "CAP", "{104F5E8B-EC63-457E-987B-1441CD848447}"
EndProject
Project("{9A19103F-16F7-4668-BE54-9A1E7A4F7556}") = "ASPNetCoreWithCAP", "CAP\ASPNetCoreWithCAP\ASPNetCoreWithCAP.csproj", "{51997A3C-ED77-4FED-8787-B278EB387846}"
EndProject
Project("{2150E333-8FDC-42A3-9474-1A3956D46DE8}") = "MassTransit", "MassTransit", "{E7681BD9-197E-491D-B3CC-0675F0045262}"
EndProject
Project("{9A19103F-16F7-4668-BE54-9A1E7A4F7556}") = "MassTransit.Alpha", "MassTransit\MassTransit.Alpha\MassTransit.Alpha.csproj", "{232A0D58-8E7E-4C51-A67C-0C03AD32D3DC}"
EndProject
Project("{9A19103F-16F7-4668-BE54-9A1E7A4F7556}") = "MassTransit.Beta", "MassTransit\MassTransit.Beta\MassTransit.Beta.csproj", "{A2BA9F75-D252-484C-BF28-F154A5908D07}"
EndProject
Project("{9A19103F-16F7-4668-BE54-9A1E7A4F7556}") = "MassTransit.Core", "MassTransit\MassTransit.Core\MassTransit.Core\MassTransit.Core.csproj", "{F707BD0A-7545-4D60-979E-5A7B3184C060}"
EndProject
Project("{9A19103F-16F7-4668-BE54-9A1E7A4F7556}") = "MassTransit.Gamma", "MassTransit\MassTransit.Gamma\MassTransit.Gamma\MassTransit.Gamma.csproj", "{3D853985-D791-4E18-88A5-44BD405BB274}"
EndProject
Project("{2150E333-8FDC-42A3-9474-1A3956D46DE8}") = "ObserverPattern", "ObserverPattern", "{E647C41D-B150-4083-B752-679718AB2041}"
EndProject
Project("{9A19103F-16F7-4668-BE54-9A1E7A4F7556}") = "Actions", "ObserverPattern\Actions\Actions.csproj", "{FDB3AE1F-9947-4E3A-9392-EEA266ADBBC0}"
EndProject
Project("{9A19103F-16F7-4668-BE54-9A1E7A4F7556}") = "EventHandlers", "ObserverPattern\EventHandlers\EventHandlers.csproj", "{E5EFFEB1-4C8E-4E37-9B99-CECE75B9791F}"
EndProject
Project("{2150E333-8FDC-42A3-9474-1A3956D46DE8}") = "RxNet", "RxNet", "{A8857070-F441-47CA-8288-988B1C2FA86D}"
EndProject
Project("{9A19103F-16F7-4668-BE54-9A1E7A4F7556}") = "RxNetDemo", "RxNet\RxNetDemo\RxNetDemo.csproj", "{1A7FEE67-BB13-4523-8D88-152938E85F35}"
EndProject
Project("{2150E333-8FDC-42A3-9474-1A3956D46DE8}") = "Autofac", "Autofac", "{F2C275BE-FBE0-43C4-926A-1CE3001AF796}"
EndProject
Project("{9A19103F-16F7-4668-BE54-9A1E7A4F7556}") = "PlayGround", "Autofac\PlayGround\PlayGround.csproj", "{7A5968FF-56B2-413E-B32A-0C411758BD75}"
EndProject
Project("{2150E333-8FDC-42A3-9474-1A3956D46DE8}") = "AutoMapper", "AutoMapper", "{9C407621-595A-4308-AC91-ADF1BCE11036}"
EndProject
Project("{9A19103F-16F7-4668-BE54-9A1E7A4F7556}") = "Console_Playground", "AutoMapper\Console_Playground\Console_Playground.csproj", "{4BE2062D-986F-46CE-9C9E-79AE23810689}"
EndProject
Project("{2150E333-8FDC-42A3-9474-1A3956D46DE8}") = "Consul", "Consul", "{80071A55-8799-408C-B323-32B69C390C0A}"
EndProject
Project("{9A19103F-16F7-4668-BE54-9A1E7A4F7556}") = "ConsulDemo", "Consul\ConsulDemo\ConsulDemo.csproj", "{53CF247E-884A-42BF-A5ED-9FDE67D269B4}"
EndProject
Project("{2150E333-8FDC-42A3-9474-1A3956D46DE8}") = "Elasticsearch", "Elasticsearch", "{4A49BA9B-6DDE-4176-A330-F6076EEE9621}"
EndProject
Project("{9A19103F-16F7-4668-BE54-9A1E7A4F7556}") = "NESTDemo", "ElasticSearch\NESTDemo\NESTDemo.csproj", "{F33039C0-22A6-48AB-8E71-BAE012E2DBDC}"
EndProject
Project("{2150E333-8FDC-42A3-9474-1A3956D46DE8}") = "NetCore", "NetCore", "{89B4A445-00CD-4E55-98A0-CACF777BF8E9}"
EndProject
Project("{9A19103F-16F7-4668-BE54-9A1E7A4F7556}") = "ApiDemo", "NetCore\ApiDemo\ApiDemo.csproj", "{2FB9A153-6B3D-463C-A2D8-9AEF5ACAF629}"
EndProject
Project("{2150E333-8FDC-42A3-9474-1A3956D46DE8}") = "Refit", "Refit", "{77BF6A19-6CB9-413C-9D89-A370060F3B31}"
EndProject
Project("{FAE04EC0-301F-11D3-BF4B-00C04F79EFBC}") = "RefitDemo", "Refit\RefitDemo\RefitDemo.csproj", "{94117DD2-1331-4C6D-A1B4-3347622F59B2}"
EndProject
Global
	GlobalSection(SolutionConfigurationPlatforms) = preSolution
		Debug|Any CPU = Debug|Any CPU
		Release|Any CPU = Release|Any CPU
	EndGlobalSection
	GlobalSection(ProjectConfigurationPlatforms) = postSolution
		{0ABFDE49-6E67-45F4-ACA8-1084CB935963}.Debug|Any CPU.ActiveCfg = Debug|Any CPU
		{0ABFDE49-6E67-45F4-ACA8-1084CB935963}.Debug|Any CPU.Build.0 = Debug|Any CPU
		{0ABFDE49-6E67-45F4-ACA8-1084CB935963}.Release|Any CPU.ActiveCfg = Release|Any CPU
		{0ABFDE49-6E67-45F4-ACA8-1084CB935963}.Release|Any CPU.Build.0 = Release|Any CPU
		{7C94671A-3D82-4BDA-BF3B-C881B18984B1}.Debug|Any CPU.ActiveCfg = Debug|Any CPU
		{7C94671A-3D82-4BDA-BF3B-C881B18984B1}.Debug|Any CPU.Build.0 = Debug|Any CPU
		{7C94671A-3D82-4BDA-BF3B-C881B18984B1}.Release|Any CPU.ActiveCfg = Release|Any CPU
		{7C94671A-3D82-4BDA-BF3B-C881B18984B1}.Release|Any CPU.Build.0 = Release|Any CPU
		{D9329074-D6A5-47B6-85BE-397E6D31E12F}.Debug|Any CPU.ActiveCfg = Debug|Any CPU
		{D9329074-D6A5-47B6-85BE-397E6D31E12F}.Debug|Any CPU.Build.0 = Debug|Any CPU
		{D9329074-D6A5-47B6-85BE-397E6D31E12F}.Release|Any CPU.ActiveCfg = Release|Any CPU
		{D9329074-D6A5-47B6-85BE-397E6D31E12F}.Release|Any CPU.Build.0 = Release|Any CPU
		{8D9DA171-DC62-4E5B-AE0F-261A956E82D6}.Debug|Any CPU.ActiveCfg = Debug|Any CPU
		{8D9DA171-DC62-4E5B-AE0F-261A956E82D6}.Debug|Any CPU.Build.0 = Debug|Any CPU
		{8D9DA171-DC62-4E5B-AE0F-261A956E82D6}.Release|Any CPU.ActiveCfg = Release|Any CPU
		{8D9DA171-DC62-4E5B-AE0F-261A956E82D6}.Release|Any CPU.Build.0 = Release|Any CPU
		{AA4D5C16-4F03-43B6-BD8B-492B8EC219EF}.Debug|Any CPU.ActiveCfg = Debug|Any CPU
		{AA4D5C16-4F03-43B6-BD8B-492B8EC219EF}.Debug|Any CPU.Build.0 = Debug|Any CPU
		{AA4D5C16-4F03-43B6-BD8B-492B8EC219EF}.Release|Any CPU.ActiveCfg = Debug|Any CPU
		{AA4D5C16-4F03-43B6-BD8B-492B8EC219EF}.Release|Any CPU.Build.0 = Debug|Any CPU
		{51997A3C-ED77-4FED-8787-B278EB387846}.Debug|Any CPU.ActiveCfg = Debug|Any CPU
		{51997A3C-ED77-4FED-8787-B278EB387846}.Debug|Any CPU.Build.0 = Debug|Any CPU
		{51997A3C-ED77-4FED-8787-B278EB387846}.Release|Any CPU.ActiveCfg = Release|Any CPU
		{51997A3C-ED77-4FED-8787-B278EB387846}.Release|Any CPU.Build.0 = Release|Any CPU
		{232A0D58-8E7E-4C51-A67C-0C03AD32D3DC}.Debug|Any CPU.ActiveCfg = Debug|Any CPU
		{232A0D58-8E7E-4C51-A67C-0C03AD32D3DC}.Debug|Any CPU.Build.0 = Debug|Any CPU
		{232A0D58-8E7E-4C51-A67C-0C03AD32D3DC}.Release|Any CPU.ActiveCfg = Release|Any CPU
		{232A0D58-8E7E-4C51-A67C-0C03AD32D3DC}.Release|Any CPU.Build.0 = Release|Any CPU
		{A2BA9F75-D252-484C-BF28-F154A5908D07}.Debug|Any CPU.ActiveCfg = Debug|Any CPU
		{A2BA9F75-D252-484C-BF28-F154A5908D07}.Debug|Any CPU.Build.0 = Debug|Any CPU
		{A2BA9F75-D252-484C-BF28-F154A5908D07}.Release|Any CPU.ActiveCfg = Release|Any CPU
		{A2BA9F75-D252-484C-BF28-F154A5908D07}.Release|Any CPU.Build.0 = Release|Any CPU
		{F707BD0A-7545-4D60-979E-5A7B3184C060}.Debug|Any CPU.ActiveCfg = Debug|Any CPU
		{F707BD0A-7545-4D60-979E-5A7B3184C060}.Debug|Any CPU.Build.0 = Debug|Any CPU
		{F707BD0A-7545-4D60-979E-5A7B3184C060}.Release|Any CPU.ActiveCfg = Release|Any CPU
		{F707BD0A-7545-4D60-979E-5A7B3184C060}.Release|Any CPU.Build.0 = Release|Any CPU
		{3D853985-D791-4E18-88A5-44BD405BB274}.Debug|Any CPU.ActiveCfg = Debug|Any CPU
		{3D853985-D791-4E18-88A5-44BD405BB274}.Debug|Any CPU.Build.0 = Debug|Any CPU
		{3D853985-D791-4E18-88A5-44BD405BB274}.Release|Any CPU.ActiveCfg = Release|Any CPU
		{3D853985-D791-4E18-88A5-44BD405BB274}.Release|Any CPU.Build.0 = Release|Any CPU
		{FDB3AE1F-9947-4E3A-9392-EEA266ADBBC0}.Debug|Any CPU.ActiveCfg = Debug|Any CPU
		{FDB3AE1F-9947-4E3A-9392-EEA266ADBBC0}.Debug|Any CPU.Build.0 = Debug|Any CPU
		{FDB3AE1F-9947-4E3A-9392-EEA266ADBBC0}.Release|Any CPU.ActiveCfg = Release|Any CPU
		{FDB3AE1F-9947-4E3A-9392-EEA266ADBBC0}.Release|Any CPU.Build.0 = Release|Any CPU
		{E5EFFEB1-4C8E-4E37-9B99-CECE75B9791F}.Debug|Any CPU.ActiveCfg = Debug|Any CPU
		{E5EFFEB1-4C8E-4E37-9B99-CECE75B9791F}.Debug|Any CPU.Build.0 = Debug|Any CPU
		{E5EFFEB1-4C8E-4E37-9B99-CECE75B9791F}.Release|Any CPU.ActiveCfg = Release|Any CPU
		{E5EFFEB1-4C8E-4E37-9B99-CECE75B9791F}.Release|Any CPU.Build.0 = Release|Any CPU
		{1A7FEE67-BB13-4523-8D88-152938E85F35}.Debug|Any CPU.ActiveCfg = Debug|Any CPU
		{1A7FEE67-BB13-4523-8D88-152938E85F35}.Debug|Any CPU.Build.0 = Debug|Any CPU
		{1A7FEE67-BB13-4523-8D88-152938E85F35}.Release|Any CPU.ActiveCfg = Release|Any CPU
		{1A7FEE67-BB13-4523-8D88-152938E85F35}.Release|Any CPU.Build.0 = Release|Any CPU
		{7A5968FF-56B2-413E-B32A-0C411758BD75}.Debug|Any CPU.ActiveCfg = Debug|Any CPU
		{7A5968FF-56B2-413E-B32A-0C411758BD75}.Debug|Any CPU.Build.0 = Debug|Any CPU
		{7A5968FF-56B2-413E-B32A-0C411758BD75}.Release|Any CPU.ActiveCfg = Release|Any CPU
		{7A5968FF-56B2-413E-B32A-0C411758BD75}.Release|Any CPU.Build.0 = Release|Any CPU
		{4BE2062D-986F-46CE-9C9E-79AE23810689}.Debug|Any CPU.ActiveCfg = Debug|Any CPU
		{4BE2062D-986F-46CE-9C9E-79AE23810689}.Debug|Any CPU.Build.0 = Debug|Any CPU
		{4BE2062D-986F-46CE-9C9E-79AE23810689}.Release|Any CPU.ActiveCfg = Release|Any CPU
		{4BE2062D-986F-46CE-9C9E-79AE23810689}.Release|Any CPU.Build.0 = Release|Any CPU
		{53CF247E-884A-42BF-A5ED-9FDE67D269B4}.Debug|Any CPU.ActiveCfg = Debug|Any CPU
		{53CF247E-884A-42BF-A5ED-9FDE67D269B4}.Debug|Any CPU.Build.0 = Debug|Any CPU
		{53CF247E-884A-42BF-A5ED-9FDE67D269B4}.Release|Any CPU.ActiveCfg = Release|Any CPU
		{53CF247E-884A-42BF-A5ED-9FDE67D269B4}.Release|Any CPU.Build.0 = Release|Any CPU
		{F33039C0-22A6-48AB-8E71-BAE012E2DBDC}.Debug|Any CPU.ActiveCfg = Debug|Any CPU
		{F33039C0-22A6-48AB-8E71-BAE012E2DBDC}.Debug|Any CPU.Build.0 = Debug|Any CPU
		{F33039C0-22A6-48AB-8E71-BAE012E2DBDC}.Release|Any CPU.ActiveCfg = Release|Any CPU
		{F33039C0-22A6-48AB-8E71-BAE012E2DBDC}.Release|Any CPU.Build.0 = Release|Any CPU
		{2FB9A153-6B3D-463C-A2D8-9AEF5ACAF629}.Debug|Any CPU.ActiveCfg = Debug|Any CPU
		{2FB9A153-6B3D-463C-A2D8-9AEF5ACAF629}.Debug|Any CPU.Build.0 = Debug|Any CPU
		{2FB9A153-6B3D-463C-A2D8-9AEF5ACAF629}.Release|Any CPU.ActiveCfg = Release|Any CPU
		{2FB9A153-6B3D-463C-A2D8-9AEF5ACAF629}.Release|Any CPU.Build.0 = Release|Any CPU
		{94117DD2-1331-4C6D-A1B4-3347622F59B2}.Debug|Any CPU.ActiveCfg = Debug|Any CPU
		{94117DD2-1331-4C6D-A1B4-3347622F59B2}.Debug|Any CPU.Build.0 = Debug|Any CPU
		{94117DD2-1331-4C6D-A1B4-3347622F59B2}.Release|Any CPU.ActiveCfg = Release|Any CPU
		{94117DD2-1331-4C6D-A1B4-3347622F59B2}.Release|Any CPU.Build.0 = Release|Any CPU
	EndGlobalSection
	GlobalSection(SolutionProperties) = preSolution
		HideSolutionNode = FALSE
	EndGlobalSection
	GlobalSection(NestedProjects) = preSolution
		{0ABFDE49-6E67-45F4-ACA8-1084CB935963} = {397131F4-304E-484A-B048-FE8602160029}
		{7C94671A-3D82-4BDA-BF3B-C881B18984B1} = {397131F4-304E-484A-B048-FE8602160029}
		{D9329074-D6A5-47B6-85BE-397E6D31E12F} = {C9630BB6-99DA-4A31-BCF5-2FDDCD39C824}
		{8D9DA171-DC62-4E5B-AE0F-261A956E82D6} = {29D1BF0F-BF57-43AD-8499-B54E91B53C7A}
		{AA4D5C16-4F03-43B6-BD8B-492B8EC219EF} = {397131F4-304E-484A-B048-FE8602160029}
		{51997A3C-ED77-4FED-8787-B278EB387846} = {104F5E8B-EC63-457E-987B-1441CD848447}
		{232A0D58-8E7E-4C51-A67C-0C03AD32D3DC} = {E7681BD9-197E-491D-B3CC-0675F0045262}
		{A2BA9F75-D252-484C-BF28-F154A5908D07} = {E7681BD9-197E-491D-B3CC-0675F0045262}
		{F707BD0A-7545-4D60-979E-5A7B3184C060} = {E7681BD9-197E-491D-B3CC-0675F0045262}
		{3D853985-D791-4E18-88A5-44BD405BB274} = {E7681BD9-197E-491D-B3CC-0675F0045262}
		{FDB3AE1F-9947-4E3A-9392-EEA266ADBBC0} = {E647C41D-B150-4083-B752-679718AB2041}
		{E5EFFEB1-4C8E-4E37-9B99-CECE75B9791F} = {E647C41D-B150-4083-B752-679718AB2041}
		{1A7FEE67-BB13-4523-8D88-152938E85F35} = {A8857070-F441-47CA-8288-988B1C2FA86D}
		{7A5968FF-56B2-413E-B32A-0C411758BD75} = {F2C275BE-FBE0-43C4-926A-1CE3001AF796}
		{4BE2062D-986F-46CE-9C9E-79AE23810689} = {9C407621-595A-4308-AC91-ADF1BCE11036}
		{53CF247E-884A-42BF-A5ED-9FDE67D269B4} = {80071A55-8799-408C-B323-32B69C390C0A}
		{F33039C0-22A6-48AB-8E71-BAE012E2DBDC} = {4A49BA9B-6DDE-4176-A330-F6076EEE9621}
		{2FB9A153-6B3D-463C-A2D8-9AEF5ACAF629} = {89B4A445-00CD-4E55-98A0-CACF777BF8E9}
		{94117DD2-1331-4C6D-A1B4-3347622F59B2} = {77BF6A19-6CB9-413C-9D89-A370060F3B31}
	EndGlobalSection
	GlobalSection(ExtensibilityGlobals) = postSolution
		SolutionGuid = {A293C881-2D60-49DE-B796-827CC715D9D2}
	EndGlobalSection
EndGlobal
